// !$*UTF8*$!
{
	archiveVersion = 1;
	classes = {
	};
	objectVersion = 46;
	objects = {

/* Begin PBXBuildFile section */
		6E0A8F2E1DD9AC7100801538 /* main.c in Sources */ = {isa = PBXBuildFile; fileRef = 6E0A8F2D1DD9AC7100801538 /* main.c */; };
		6E0A8F3B1DD9B90100801538 /* main.c in Sources */ = {isa = PBXBuildFile; fileRef = 6E0A8F3A1DD9B90100801538 /* main.c */; };
		6EAF99501DE2E85300EE33A0 /* main.c in Sources */ = {isa = PBXBuildFile; fileRef = 6EAF994F1DE2E85300EE33A0 /* main.c */; };
		6EAF995B1DE3008400EE33A0 /* main.c in Sources */ = {isa = PBXBuildFile; fileRef = 6EAF995A1DE3008400EE33A0 /* main.c */; };
/* End PBXBuildFile section */

/* Begin PBXCopyFilesBuildPhase section */
		6E0A8F281DD9AC7100801538 /* CopyFiles */ = {
			isa = PBXCopyFilesBuildPhase;
			buildActionMask = 2147483647;
			dstPath = /usr/share/man/man1/;
			dstSubfolderSpec = 0;
			files = (
			);
			runOnlyForDeploymentPostprocessing = 1;
		};
		6E0A8F361DD9B90000801538 /* CopyFiles */ = {
			isa = PBXCopyFilesBuildPhase;
			buildActionMask = 2147483647;
			dstPath = /usr/share/man/man1/;
			dstSubfolderSpec = 0;
			files = (
			);
			runOnlyForDeploymentPostprocessing = 1;
		};
		6EAF994B1DE2E85300EE33A0 /* CopyFiles */ = {
			isa = PBXCopyFilesBuildPhase;
			buildActionMask = 2147483647;
			dstPath = /usr/share/man/man1/;
			dstSubfolderSpec = 0;
			files = (
			);
			runOnlyForDeploymentPostprocessing = 1;
		};
		6EAF99561DE3008400EE33A0 /* CopyFiles */ = {
			isa = PBXCopyFilesBuildPhase;
			buildActionMask = 2147483647;
			dstPath = /usr/share/man/man1/;
			dstSubfolderSpec = 0;
			files = (
			);
			runOnlyForDeploymentPostprocessing = 1;
		};
/* End PBXCopyFilesBuildPhase section */

/* Begin PBXFileReference section */
		6E0A8F2A1DD9AC7100801538 /* 11.14 */ = {isa = PBXFileReference; explicitFileType = "compiled.mach-o.executable"; includeInIndex = 0; path = 11.14; sourceTree = BUILT_PRODUCTS_DIR; };
		6E0A8F2D1DD9AC7100801538 /* main.c */ = {isa = PBXFileReference; lastKnownFileType = sourcecode.c.c; path = main.c; sourceTree = "<group>"; };
		6E0A8F381DD9B90000801538 /* Practice02 */ = {isa = PBXFileReference; explicitFileType = "compiled.mach-o.executable"; includeInIndex = 0; path = Practice02; sourceTree = BUILT_PRODUCTS_DIR; };
		6E0A8F3A1DD9B90100801538 /* main.c */ = {isa = PBXFileReference; lastKnownFileType = sourcecode.c.c; path = main.c; sourceTree = "<group>"; };
		6EAF994D1DE2E85300EE33A0 /* Practice03 */ = {isa = PBXFileReference; explicitFileType = "compiled.mach-o.executable"; includeInIndex = 0; path = Practice03; sourceTree = BUILT_PRODUCTS_DIR; };
		6EAF994F1DE2E85300EE33A0 /* main.c */ = {isa = PBXFileReference; lastKnownFileType = sourcecode.c.c; path = main.c; sourceTree = "<group>"; };
		6EAF99581DE3008400EE33A0 /* Practice04 */ = {isa = PBXFileReference; explicitFileType = "compiled.mach-o.executable"; includeInIndex = 0; path = Practice04; sourceTree = BUILT_PRODUCTS_DIR; };
		6EAF995A1DE3008400EE33A0 /* main.c */ = {isa = PBXFileReference; lastKnownFileType = sourcecode.c.c; path = main.c; sourceTree = "<group>"; };
/* End PBXFileReference section */

/* Begin PBXFrameworksBuildPhase section */
		6E0A8F271DD9AC7100801538 /* Frameworks */ = {
			isa = PBXFrameworksBuildPhase;
			buildActionMask = 2147483647;
			files = (
			);
			runOnlyForDeploymentPostprocessing = 0;
		};
		6E0A8F351DD9B90000801538 /* Frameworks */ = {
			isa = PBXFrameworksBuildPhase;
			buildActionMask = 2147483647;
			files = (
			);
			runOnlyForDeploymentPostprocessing = 0;
		};
		6EAF994A1DE2E85300EE33A0 /* Frameworks */ = {
			isa = PBXFrameworksBuildPhase;
			buildActionMask = 2147483647;
			files = (
			);
			runOnlyForDeploymentPostprocessing = 0;
		};
		6EAF99551DE3008400EE33A0 /* Frameworks */ = {
			isa = PBXFrameworksBuildPhase;
			buildActionMask = 2147483647;
			files = (
			);
			runOnlyForDeploymentPostprocessing = 0;
		};
/* End PBXFrameworksBuildPhase section */

/* Begin PBXGroup section */
		6E0A8F211DD9AC7100801538 = {
			isa = PBXGroup;
			children = (
				6E0A8F2C1DD9AC7100801538 /* 11.14 */,
				6E0A8F391DD9B90100801538 /* Practice02 */,
				6EAF994E1DE2E85300EE33A0 /* Practice03 */,
				6EAF99591DE3008400EE33A0 /* Practice04 */,
				6E0A8F2B1DD9AC7100801538 /* Products */,
			);
			sourceTree = "<group>";
		};
		6E0A8F2B1DD9AC7100801538 /* Products */ = {
			isa = PBXGroup;
			children = (
				6E0A8F2A1DD9AC7100801538 /* 11.14 */,
				6E0A8F381DD9B90000801538 /* Practice02 */,
				6EAF994D1DE2E85300EE33A0 /* Practice03 */,
				6EAF99581DE3008400EE33A0 /* Practice04 */,
			);
			name = Products;
			sourceTree = "<group>";
		};
		6E0A8F2C1DD9AC7100801538 /* 11.14 */ = {
			isa = PBXGroup;
			children = (
				6E0A8F2D1DD9AC7100801538 /* main.c */,
			);
			path = 11.14;
			sourceTree = "<group>";
		};
		6E0A8F391DD9B90100801538 /* Practice02 */ = {
			isa = PBXGroup;
			children = (
				6E0A8F3A1DD9B90100801538 /* main.c */,
			);
			path = Practice02;
			sourceTree = "<group>";
		};
		6EAF994E1DE2E85300EE33A0 /* Practice03 */ = {
			isa = PBXGroup;
			children = (
				6EAF994F1DE2E85300EE33A0 /* main.c */,
			);
			path = Practice03;
			sourceTree = "<group>";
		};
		6EAF99591DE3008400EE33A0 /* Practice04 */ = {
			isa = PBXGroup;
			children = (
				6EAF995A1DE3008400EE33A0 /* main.c */,
			);
			path = Practice04;
			sourceTree = "<group>";
		};
/* End PBXGroup section */

/* Begin PBXNativeTarget section */
		6E0A8F291DD9AC7100801538 /* 11.14 */ = {
			isa = PBXNativeTarget;
			buildConfigurationList = 6E0A8F311DD9AC7100801538 /* Build configuration list for PBXNativeTarget "11.14" */;
			buildPhases = (
				6E0A8F261DD9AC7100801538 /* Sources */,
				6E0A8F271DD9AC7100801538 /* Frameworks */,
				6E0A8F281DD9AC7100801538 /* CopyFiles */,
			);
			buildRules = (
			);
			dependencies = (
			);
			name = 11.14;
			productName = 11.14;
			productReference = 6E0A8F2A1DD9AC7100801538 /* 11.14 */;
			productType = "com.apple.product-type.tool";
		};
		6E0A8F371DD9B90000801538 /* Practice02 */ = {
			isa = PBXNativeTarget;
			buildConfigurationList = 6E0A8F3C1DD9B90100801538 /* Build configuration list for PBXNativeTarget "Practice02" */;
			buildPhases = (
				6E0A8F341DD9B90000801538 /* Sources */,
				6E0A8F351DD9B90000801538 /* Frameworks */,
				6E0A8F361DD9B90000801538 /* CopyFiles */,
			);
			buildRules = (
			);
			dependencies = (
			);
			name = Practice02;
			productName = Practice02;
			productReference = 6E0A8F381DD9B90000801538 /* Practice02 */;
			productType = "com.apple.product-type.tool";
		};
		6EAF994C1DE2E85300EE33A0 /* Practice03 */ = {
			isa = PBXNativeTarget;
			buildConfigurationList = 6EAF99531DE2E85300EE33A0 /* Build configuration list for PBXNativeTarget "Practice03" */;
			buildPhases = (
				6EAF99491DE2E85300EE33A0 /* Sources */,
				6EAF994A1DE2E85300EE33A0 /* Frameworks */,
				6EAF994B1DE2E85300EE33A0 /* CopyFiles */,
			);
			buildRules = (
			);
			dependencies = (
			);
			name = Practice03;
			productName = Practice03;
			productReference = 6EAF994D1DE2E85300EE33A0 /* Practice03 */;
			productType = "com.apple.product-type.tool";
		};
		6EAF99571DE3008400EE33A0 /* Practice04 */ = {
			isa = PBXNativeTarget;
			buildConfigurationList = 6EAF995C1DE3008400EE33A0 /* Build configuration list for PBXNativeTarget "Practice04" */;
			buildPhases = (
				6EAF99541DE3008400EE33A0 /* Sources */,
				6EAF99551DE3008400EE33A0 /* Frameworks */,
				6EAF99561DE3008400EE33A0 /* CopyFiles */,
			);
			buildRules = (
			);
			dependencies = (
			);
			name = Practice04;
			productName = Practice04;
			productReference = 6EAF99581DE3008400EE33A0 /* Practice04 */;
			productType = "com.apple.product-type.tool";
		};
/* End PBXNativeTarget section */

/* Begin PBXProject section */
		6E0A8F221DD9AC7100801538 /* Project object */ = {
			isa = PBXProject;
			attributes = {
				LastUpgradeCheck = 0730;
				ORGANIZATIONNAME = PowesunHolding;
				TargetAttributes = {
					6E0A8F291DD9AC7100801538 = {
						CreatedOnToolsVersion = 7.3.1;
					};
					6E0A8F371DD9B90000801538 = {
						CreatedOnToolsVersion = 7.3.1;
					};
					6EAF994C1DE2E85300EE33A0 = {
						CreatedOnToolsVersion = 7.3.1;
					};
					6EAF99571DE3008400EE33A0 = {
						CreatedOnToolsVersion = 7.3.1;
					};
				};
			};
			buildConfigurationList = 6E0A8F251DD9AC7100801538 /* Build configuration list for PBXProject "11.14" */;
			compatibilityVersion = "Xcode 3.2";
			developmentRegion = English;
			hasScannedForEncodings = 0;
			knownRegions = (
				en,
			);
			mainGroup = 6E0A8F211DD9AC7100801538;
			productRefGroup = 6E0A8F2B1DD9AC7100801538 /* Products */;
			projectDirPath = "";
			projectRoot = "";
			targets = (
				6E0A8F291DD9AC7100801538 /* 11.14 */,
				6E0A8F371DD9B90000801538 /* Practice02 */,
				6EAF994C1DE2E85300EE33A0 /* Practice03 */,
				6EAF99571DE3008400EE33A0 /* Practice04 */,
			);
		};
/* End PBXProject section */

/* Begin PBXSourcesBuildPhase section */
		6E0A8F261DD9AC7100801538 /* Sources */ = {
			isa = PBXSourcesBuildPhase;
			buildActionMask = 2147483647;
			files = (
				6E0A8F2E1DD9AC7100801538 /* main.c in Sources */,
			);
			runOnlyForDeploymentPostprocessing = 0;
		};
		6E0A8F341DD9B90000801538 /* Sources */ = {
			isa = PBXSourcesBuildPhase;
			buildActionMask = 2147483647;
			files = (
				6E0A8F3B1DD9B90100801538 /* main.c in Sources */,
			);
			runOnlyForDeploymentPostprocessing = 0;
		};
		6EAF99491DE2E85300EE33A0 /* Sources */ = {
			isa = PBXSourcesBuildPhase;
			buildActionMask = 2147483647;
			files = (
				6EAF99501DE2E85300EE33A0 /* main.c in Sources */,
			);
			runOnlyForDeploymentPostprocessing = 0;
		};
		6EAF99541DE3008400EE33A0 /* Sources */ = {
			isa = PBXSourcesBuildPhase;
			buildActionMask = 2147483647;
			files = (
				6EAF995B1DE3008400EE33A0 /* main.c in Sources */,
			);
			runOnlyForDeploymentPostprocessing = 0;
		};
/* End PBXSourcesBuildPhase section */

/* Begin XCBuildConfiguration section */
		6E0A8F2F1DD9AC7100801538 /* Debug */ = {
			isa = XCBuildConfiguration;
			buildSettings = {
				ALWAYS_SEARCH_USER_PATHS = NO;
				CLANG_ANALYZER_NONNULL = YES;
				CLANG_CXX_LANGUAGE_STANDARD = "gnu++0x";
				CLANG_CXX_LIBRARY = "libc++";
				CLANG_ENABLE_MODULES = YES;
				CLANG_ENABLE_OBJC_ARC = YES;
				CLANG_WARN_BOOL_CONVERSION = YES;
				CLANG_WARN_CONSTANT_CONVERSION = YES;
				CLANG_WARN_DIRECT_OBJC_ISA_USAGE = YES_ERROR;
				CLANG_WARN_EMPTY_BODY = YES;
				CLANG_WARN_ENUM_CONVERSION = YES;
				CLANG_WARN_INT_CONVERSION = YES;
				CLANG_WARN_OBJC_ROOT_CLASS = YES_ERROR;
				CLANG_WARN_UNREACHABLE_CODE = YES;
				CLANG_WARN__DUPLICATE_METHOD_MATCH = YES;
				CODE_SIGN_IDENTITY = "-";
				COPY_PHASE_STRIP = NO;
				DEBUG_INFORMATION_FORMAT = dwarf;
				ENABLE_STRICT_OBJC_MSGSEND = YES;
				ENABLE_TESTABILITY = YES;
				GCC_C_LANGUAGE_STANDARD = gnu99;
				GCC_DYNAMIC_NO_PIC = NO;
				GCC_NO_COMMON_BLOCKS = YES;
				GCC_OPTIMIZATION_LEVEL = 0;
				GCC_PREPROCESSOR_DEFINITIONS = (
					"DEBUG=1",
					"$(inherited)",
				);
				GCC_WARN_64_TO_32_BIT_CONVERSION = YES;
				GCC_WARN_ABOUT_RETURN_TYPE = YES_ERROR;
				GCC_WARN_UNDECLARED_SELECTOR = YES;
				GCC_WARN_UNINITIALIZED_AUTOS = YES_AGGRESSIVE;
				GCC_WARN_UNUSED_FUNCTION = YES;
				GCC_WARN_UNUSED_VARIABLE = YES;
				MACOSX_DEPLOYMENT_TARGET = 10.11;
				MTL_ENABLE_DEBUG_INFO = YES;
				ONLY_ACTIVE_ARCH = YES;
				SDKROOT = macosx;
			};
			name = Debug;
		};
		6E0A8F301DD9AC7100801538 /* Release */ = {
			isa = XCBuildConfiguration;
			buildSettings = {
				ALWAYS_SEARCH_USER_PATHS = NO;
				CLANG_ANALYZER_NONNULL = YES;
				CLANG_CXX_LANGUAGE_STANDARD = "gnu++0x";
				CLANG_CXX_LIBRARY = "libc++";
				CLANG_ENABLE_MODULES = YES;
				CLANG_ENABLE_OBJC_ARC = YES;
				CLANG_WARN_BOOL_CONVERSION = YES;
				CLANG_WARN_CONSTANT_CONVERSION = YES;
				CLANG_WARN_DIRECT_OBJC_ISA_USAGE = YES_ERROR;
				CLANG_WARN_EMPTY_BODY = YES;
				CLANG_WARN_ENUM_CONVERSION = YES;
				CLANG_WARN_INT_CONVERSION = YES;
				CLANG_WARN_OBJC_ROOT_CLASS = YES_ERROR;
				CLANG_WARN_UNREACHABLE_CODE = YES;
				CLANG_WARN__DUPLICATE_METHOD_MATCH = YES;
				CODE_SIGN_IDENTITY = "-";
				COPY_PHASE_STRIP = NO;
				DEBUG_INFORMATION_FORMAT = "dwarf-with-dsym";
				ENABLE_NS_ASSERTIONS = NO;
				ENABLE_STRICT_OBJC_MSGSEND = YES;
				GCC_C_LANGUAGE_STANDARD = gnu99;
				GCC_NO_COMMON_BLOCKS = YES;
				GCC_WARN_64_TO_32_BIT_CONVERSION = YES;
				GCC_WARN_ABOUT_RETURN_TYPE = YES_ERROR;
				GCC_WARN_UNDECLARED_SELECTOR = YES;
				GCC_WARN_UNINITIALIZED_AUTOS = YES_AGGRESSIVE;
				GCC_WARN_UNUSED_FUNCTION = YES;
				GCC_WARN_UNUSED_VARIABLE = YES;
				MACOSX_DEPLOYMENT_TARGET = 10.11;
				MTL_ENABLE_DEBUG_INFO = NO;
				SDKROOT = macosx;
			};
			name = Release;
		};
		6E0A8F321DD9AC7100801538 /* Debug */ = {
			isa = XCBuildConfiguration;
			buildSettings = {
				PRODUCT_NAME = "$(TARGET_NAME)";
			};
			name = Debug;
		};
		6E0A8F331DD9AC7100801538 /* Release */ = {
			isa = XCBuildConfiguration;
			buildSettings = {
				PRODUCT_NAME = "$(TARGET_NAME)";
			};
			name = Release;
		};
		6E0A8F3D1DD9B90100801538 /* Debug */ = {
			isa = XCBuildConfiguration;
			buildSettings = {
				PRODUCT_NAME = "$(TARGET_NAME)";
			};
			name = Debug;
		};
		6E0A8F3E1DD9B90100801538 /* Release */ = {
			isa = XCBuildConfiguration;
			buildSettings = {
				PRODUCT_NAME = "$(TARGET_NAME)";
			};
			name = Release;
		};
		6EAF99511DE2E85300EE33A0 /* Debug */ = {
			isa = XCBuildConfiguration;
			buildSettings = {
				PRODUCT_NAME = "$(TARGET_NAME)";
			};
			name = Debug;
		};
		6EAF99521DE2E85300EE33A0 /* Release */ = {
			isa = XCBuildConfiguration;
			buildSettings = {
				PRODUCT_NAME = "$(TARGET_NAME)";
			};
			name = Release;
		};
		6EAF995D1DE3008400EE33A0 /* Debug */ = {
			isa = XCBuildConfiguration;
			buildSettings = {
				PRODUCT_NAME = "$(TARGET_NAME)";
			};
			name = Debug;
		};
		6EAF995E1DE3008400EE33A0 /* Release */ = {
			isa = XCBuildConfiguration;
			buildSettings = {
				PRODUCT_NAME = "$(TARGET_NAME)";
			};
			name = Release;
		};
/* End XCBuildConfiguration section */

/* Begin XCConfigurationList section */
		6E0A8F251DD9AC7100801538 /* Build configuration list for PBXProject "11.14" */ = {
			isa = XCConfigurationList;
			buildConfigurations = (
				6E0A8F2F1DD9AC7100801538 /* Debug */,
				6E0A8F301DD9AC7100801538 /* Release */,
			);
			defaultConfigurationIsVisible = 0;
			defaultConfigurationName = Release;
		};
		6E0A8F311DD9AC7100801538 /* Build configuration list for PBXNativeTarget "11.14" */ = {
			isa = XCConfigurationList;
			buildConfigurations = (
				6E0A8F321DD9AC7100801538 /* Debug */,
				6E0A8F331DD9AC7100801538 /* Release */,
			);
			defaultConfigurationIsVisible = 0;
			defaultConfigurationName = Release;
		};
		6E0A8F3C1DD9B90100801538 /* Build configuration list for PBXNativeTarget "Practice02" */ = {
			isa = XCConfigurationList;
			buildConfigurations = (
				6E0A8F3D1DD9B90100801538 /* Debug */,
				6E0A8F3E1DD9B90100801538 /* Release */,
			);
			defaultConfigurationIsVisible = 0;
			defaultConfigurationName = Release;
		};
		6EAF99531DE2E85300EE33A0 /* Build configuration list for PBXNativeTarget "Practice03" */ = {
			isa = XCConfigurationList;
			buildConfigurations = (
				6EAF99511DE2E85300EE33A0 /* Debug */,
				6EAF99521DE2E85300EE33A0 /* Release */,
			);
			defaultConfigurationIsVisible = 0;
		};
		6EAF995C1DE3008400EE33A0 /* Build configuration list for PBXNativeTarget "Practice04" */ = {
			isa = XCConfigurationList;
			buildConfigurations = (
				6EAF995D1DE3008400EE33A0 /* Debug */,
				6EAF995E1DE3008400EE33A0 /* Release */,
			);
			defaultConfigurationIsVisible = 0;
		};
/* End XCConfigurationList section */
	};
	rootObject = 6E0A8F221DD9AC7100801538 /* Project object */;
}
